
Microsoft Visual Studio Solution File, Format Version 12.00
# Visual Studio 15
VisualStudioVersion = 15.0.28307.572
MinimumVisualStudioVersion = 10.0.40219.1
Project("{FAE04EC0-301F-11D3-BF4B-00C04F79EFBC}") = "DAL", "ConsoleApp1\DAL.csproj", "{F51E336A-68AC-41FF-8D72-EEDD113C0A56}"
EndProject
Global
	GlobalSection(SolutionConfigurationPlatforms) = preSolution
		Debug|Any CPU = Debug|Any CPU
		Release|Any CPU = Release|Any CPU
	EndGlobalSection
	GlobalSection(ProjectConfigurationPlatforms) = postSolution
		{F51E336A-68AC-41FF-8D72-EEDD113C0A56}.Debug|Any CPU.ActiveCfg = Debug|Any CPU
		{F51E336A-68AC-41FF-8D72-EEDD113C0A56}.Debug|Any CPU.Build.0 = Debug|Any CPU
		{F51E336A-68AC-41FF-8D72-EEDD113C0A56}.Release|Any CPU.ActiveCfg = Release|Any CPU
		{F51E336A-68AC-41FF-8D72-EEDD113C0A56}.Release|Any CPU.Build.0 = Release|Any CPU
	EndGlobalSection
	GlobalSection(SolutionProperties) = preSolution
		HideSolutionNode = FALSE
	EndGlobalSection
	GlobalSection(ExtensibilityGlobals) = postSolution
		SolutionGuid = {E77668AF-191E-4EC0-B3B5-6A0E44BE97BD}
	EndGlobalSection
EndGlobal
